
Microsoft Visual Studio Solution File, Format Version 12.00
# Visual Studio Version 17
VisualStudioVersion = 17.10.35027.167
MinimumVisualStudioVersion = 10.0.40219.1
Project("{FAE04EC0-301F-11D3-BF4B-00C04F79EFBC}") = "gamewpfgithyb", "gamewpfgithyb\gamewpfgithyb.csproj", "{9350DBDC-9651-487D-8875-953831403DBF}"
EndProject
Global
	GlobalSection(SolutionConfigurationPlatforms) = preSolution
		Debug|Any CPU = Debug|Any CPU
		Release|Any CPU = Release|Any CPU
	EndGlobalSection
	GlobalSection(ProjectConfigurationPlatforms) = postSolution
		{9350DBDC-9651-487D-8875-953831403DBF}.Debug|Any CPU.ActiveCfg = Debug|Any CPU
		{9350DBDC-9651-487D-8875-953831403DBF}.Debug|Any CPU.Build.0 = Debug|Any CPU
		{9350DBDC-9651-487D-8875-953831403DBF}.Release|Any CPU.ActiveCfg = Release|Any CPU
		{9350DBDC-9651-487D-8875-953831403DBF}.Release|Any CPU.Build.0 = Release|Any CPU
	EndGlobalSection
	GlobalSection(SolutionProperties) = preSolution
		HideSolutionNode = FALSE
	EndGlobalSection
	GlobalSection(ExtensibilityGlobals) = postSolution
		SolutionGuid = {39F24D07-B0AE-4796-9752-E4523531CAE1}
	EndGlobalSection
EndGlobal
